
Microsoft Visual Studio Solution File, Format Version 12.00
# Visual Studio 2012
Project("{FAE04EC0-301F-11D3-BF4B-00C04F79EFBC}") = "Groupware.Base", "Groupware.Base\Groupware.Base.csproj", "{9C6B1F42-CD38-4F6E-AC53-0043319B421C}"
EndProject
Project("{FAE04EC0-301F-11D3-BF4B-00C04F79EFBC}") = "DAO", "DAO\DAO.csproj", "{E5062DC6-8CD7-43D2-BA4C-D7DA12ADB4CD}"
EndProject
Project("{FAE04EC0-301F-11D3-BF4B-00C04F79EFBC}") = "BEAN", "DOMAIN\BEAN.csproj", "{C802C6F6-7949-4E48-9943-FC5AC15544E9}"
EndProject
Project("{6141683F-8A12-4E36-9623-2EB02B2C2303}") = "Groupware.Setup", "Groupware.Setup\Groupware.Setup.isproj", "{4D7429B5-2AD3-4DB1-AAEE-E5F62F783D4A}"
EndProject
Global
	GlobalSection(SolutionConfigurationPlatforms) = preSolution
		CD_ROM|Any CPU = CD_ROM|Any CPU
		Debug|Any CPU = Debug|Any CPU
		DVD-5|Any CPU = DVD-5|Any CPU
		Release|Any CPU = Release|Any CPU
		SingleImage|Any CPU = SingleImage|Any CPU
	EndGlobalSection
	GlobalSection(ProjectConfigurationPlatforms) = postSolution
		{9C6B1F42-CD38-4F6E-AC53-0043319B421C}.CD_ROM|Any CPU.ActiveCfg = Release|Any CPU
		{9C6B1F42-CD38-4F6E-AC53-0043319B421C}.CD_ROM|Any CPU.Build.0 = Release|Any CPU
		{9C6B1F42-CD38-4F6E-AC53-0043319B421C}.Debug|Any CPU.ActiveCfg = Debug|Any CPU
		{9C6B1F42-CD38-4F6E-AC53-0043319B421C}.Debug|Any CPU.Build.0 = Debug|Any CPU
		{9C6B1F42-CD38-4F6E-AC53-0043319B421C}.DVD-5|Any CPU.ActiveCfg = Debug|Any CPU
		{9C6B1F42-CD38-4F6E-AC53-0043319B421C}.DVD-5|Any CPU.Build.0 = Debug|Any CPU
		{9C6B1F42-CD38-4F6E-AC53-0043319B421C}.Release|Any CPU.ActiveCfg = Release|Any CPU
		{9C6B1F42-CD38-4F6E-AC53-0043319B421C}.Release|Any CPU.Build.0 = Release|Any CPU
		{9C6B1F42-CD38-4F6E-AC53-0043319B421C}.SingleImage|Any CPU.ActiveCfg = Release|Any CPU
		{9C6B1F42-CD38-4F6E-AC53-0043319B421C}.SingleImage|Any CPU.Build.0 = Release|Any CPU
		{E5062DC6-8CD7-43D2-BA4C-D7DA12ADB4CD}.CD_ROM|Any CPU.ActiveCfg = Release|Any CPU
		{E5062DC6-8CD7-43D2-BA4C-D7DA12ADB4CD}.CD_ROM|Any CPU.Build.0 = Release|Any CPU
		{E5062DC6-8CD7-43D2-BA4C-D7DA12ADB4CD}.Debug|Any CPU.ActiveCfg = Debug|Any CPU
		{E5062DC6-8CD7-43D2-BA4C-D7DA12ADB4CD}.Debug|Any CPU.Build.0 = Debug|Any CPU
		{E5062DC6-8CD7-43D2-BA4C-D7DA12ADB4CD}.DVD-5|Any CPU.ActiveCfg = Debug|Any CPU
		{E5062DC6-8CD7-43D2-BA4C-D7DA12ADB4CD}.DVD-5|Any CPU.Build.0 = Debug|Any CPU
		{E5062DC6-8CD7-43D2-BA4C-D7DA12ADB4CD}.Release|Any CPU.ActiveCfg = Release|Any CPU
		{E5062DC6-8CD7-43D2-BA4C-D7DA12ADB4CD}.Release|Any CPU.Build.0 = Release|Any CPU
		{E5062DC6-8CD7-43D2-BA4C-D7DA12ADB4CD}.SingleImage|Any CPU.ActiveCfg = Release|Any CPU
		{E5062DC6-8CD7-43D2-BA4C-D7DA12ADB4CD}.SingleImage|Any CPU.Build.0 = Release|Any CPU
		{C802C6F6-7949-4E48-9943-FC5AC15544E9}.CD_ROM|Any CPU.ActiveCfg = Release|Any CPU
		{C802C6F6-7949-4E48-9943-FC5AC15544E9}.CD_ROM|Any CPU.Build.0 = Release|Any CPU
		{C802C6F6-7949-4E48-9943-FC5AC15544E9}.Debug|Any CPU.ActiveCfg = Debug|Any CPU
		{C802C6F6-7949-4E48-9943-FC5AC15544E9}.Debug|Any CPU.Build.0 = Debug|Any CPU
		{C802C6F6-7949-4E48-9943-FC5AC15544E9}.DVD-5|Any CPU.ActiveCfg = Debug|Any CPU
		{C802C6F6-7949-4E48-9943-FC5AC15544E9}.DVD-5|Any CPU.Build.0 = Debug|Any CPU
		{C802C6F6-7949-4E48-9943-FC5AC15544E9}.Release|Any CPU.ActiveCfg = Release|Any CPU
		{C802C6F6-7949-4E48-9943-FC5AC15544E9}.Release|Any CPU.Build.0 = Release|Any CPU
		{C802C6F6-7949-4E48-9943-FC5AC15544E9}.SingleImage|Any CPU.ActiveCfg = Release|Any CPU
		{C802C6F6-7949-4E48-9943-FC5AC15544E9}.SingleImage|Any CPU.Build.0 = Release|Any CPU
		{4D7429B5-2AD3-4DB1-AAEE-E5F62F783D4A}.CD_ROM|Any CPU.ActiveCfg = CD_ROM
		{4D7429B5-2AD3-4DB1-AAEE-E5F62F783D4A}.CD_ROM|Any CPU.Build.0 = CD_ROM
		{4D7429B5-2AD3-4DB1-AAEE-E5F62F783D4A}.Debug|Any CPU.ActiveCfg = DVD-5
		{4D7429B5-2AD3-4DB1-AAEE-E5F62F783D4A}.Debug|Any CPU.Build.0 = DVD-5
		{4D7429B5-2AD3-4DB1-AAEE-E5F62F783D4A}.DVD-5|Any CPU.ActiveCfg = DVD-5
		{4D7429B5-2AD3-4DB1-AAEE-E5F62F783D4A}.DVD-5|Any CPU.Build.0 = DVD-5
		{4D7429B5-2AD3-4DB1-AAEE-E5F62F783D4A}.Release|Any CPU.ActiveCfg = SingleImage
		{4D7429B5-2AD3-4DB1-AAEE-E5F62F783D4A}.Release|Any CPU.Build.0 = SingleImage
		{4D7429B5-2AD3-4DB1-AAEE-E5F62F783D4A}.SingleImage|Any CPU.ActiveCfg = SingleImage
		{4D7429B5-2AD3-4DB1-AAEE-E5F62F783D4A}.SingleImage|Any CPU.Build.0 = SingleImage
	EndGlobalSection
	GlobalSection(SolutionProperties) = preSolution
		HideSolutionNode = FALSE
	EndGlobalSection
EndGlobal
